
Microsoft Visual Studio Solution File, Format Version 12.00
Project("{FAE04EC0-301F-11D3-BF4B-00C04F79EFBC}") = "UmbracoNewsExample", "UmbracoNewsExample\UmbracoNewsExample.csproj", "{4102523F-E542-451F-90B2-A826C1765E7C}"
EndProject
Global
	GlobalSection(SolutionConfigurationPlatforms) = preSolution
		Debug|Any CPU = Debug|Any CPU
		Release|Any CPU = Release|Any CPU
	EndGlobalSection
	GlobalSection(ProjectConfigurationPlatforms) = postSolution
		{4102523F-E542-451F-90B2-A826C1765E7C}.Debug|Any CPU.ActiveCfg = Debug|Any CPU
		{4102523F-E542-451F-90B2-A826C1765E7C}.Debug|Any CPU.Build.0 = Debug|Any CPU
		{4102523F-E542-451F-90B2-A826C1765E7C}.Release|Any CPU.ActiveCfg = Release|Any CPU
		{4102523F-E542-451F-90B2-A826C1765E7C}.Release|Any CPU.Build.0 = Release|Any CPU
	EndGlobalSection
EndGlobal
